# Generated by buf. DO NOT EDIT.
version: v2
deps:
  - name: buf.build/cosmos/cosmos-proto
    commit: 04467658e59e44bbb22fe568206e1f70
    digest: b5:8058c0aadbee8c9af67a9cefe86492c6c0b0bd5b4526b0ec820507b91fc9b0b5efbebca97331854576d2d279b0b3f5ed6a7abb0640cb640c4186532239c48fc4
  - name: buf.build/cosmos/cosmos-sdk
    commit: 650cd9ad7f7a468e8e19975269958658
    digest: b5:652a0cd9aa3c220bb12b558f29b30ca5c248b994420472c9c2a54eed3d33356b1307e51687c1909ea4f535a2a1e180895b8cda83b58a4697003009d17fdbc154
  - name: buf.build/cosmos/gogo-proto
    commit: 88ef6483f90f478fb938c37dde52ece3
    digest: b5:f0c69202c9bca9672dc72a9737ea9bc83744daaed2b3da77e3a95b0e53b86dee76b5a7405b993181d6c863fd64afaca0976a302f700d6c4912eb1692a1782c0a
  - name: buf.build/googleapis/googleapis
    commit: 61b203b9a9164be9a834f58c37be6f62
    digest: b5:7811a98b35bd2e4ae5c3ac73c8b3d9ae429f3a790da15de188dc98fc2b77d6bb10e45711f14903af9553fa9821dff256054f2e4b7795789265bc476bec2f088c
  - name: buf.build/protocolbuffers/wellknowntypes
    commit: 3ddd61d1f53d485abd3d3a2b47a62b8e
    digest: b5:09e4405493fa16fef2af6b667fcaea9d2280ec44ed4943eddb96fb5a32daa1e8a353331dd4ef33b7df3783d17e912a703d57b73b236cd749d6a87ce83f60e2c9
