cosmossdk.io/core v1.0.0-alpha.4 h1:9iuroT9ejDYETCsGkzkvs/wAY/5UFl7nCIINFRxyMJY=
cosmossdk.io/core v1.0.0-alpha.4/go.mod h1:3u9cWq1FAVtiiCrDPpo4LhR+9V6k/ycSG4/Y/tREWCY=
cosmossdk.io/core/testing v0.0.0-20240923163230-04da382a9f29 h1:NxxUo0GMJUbIuVg0R70e3cbn9eFTEuMr7ev1AFvypdY=
cosmossdk.io/core/testing v0.0.0-20240923163230-04da382a9f29/go.mod h1:8s2tPeJtSiQuoyPmr2Ag7meikonISO4Fv4MoO8+ORrs=
cosmossdk.io/schema v0.3.0 h1:01lcaM4trhzZ1HQTfTV8z6Ma1GziOZ/YmdzBN3F720c=
cosmossdk.io/schema v0.3.0/go.mod h1:RDAhxIeNB4bYqAlF4NBJwRrgtnciMcyyg0DOKnhNZQQ=
github.com/davecgh/go-spew v1.1.2-0.20180830191138-d8f796af33cc h1:U9qPSI2PIWSS1VwoXQT9A3Wy9MM3WgvqSxFWenqJduM=
github.com/davecgh/go-spew v1.1.2-0.20180830191138-d8f796af33cc/go.mod h1:J7Y8YcW2NihsgmVo/mv3lAwl/skON4iLHjSsI+c5H38=
github.com/pmezard/go-difflib v1.0.0 h1:4DBwDE0NGyQoBHbLQYPwSUPoCMWR5BEzIk/f1lZbAQM=
github.com/pmezard/go-difflib v1.0.0/go.mod h1:iKH77koFhYxTK1pcRnkKkqfTogsbg7gZNVY4sRDYZ/4=
github.com/stretchr/testify v1.9.0 h1:HtqpIVDClZ4nwg75+f6Lvsy/wHu+3BoSGCbBAcpTsTg=
github.com/stretchr/testify v1.9.0/go.mod h1:r2ic/lqez/lEtzL7wO/rwa5dbSLXVDPFyf8C91i36aY=
github.com/tidwall/btree v1.7.0 h1:L1fkJH/AuEh5zBnnBbmTwQ5Lt+bRJ5A8EWecslvo9iI=
github.com/tidwall/btree v1.7.0/go.mod h1:twD9XRA5jj9VUQGELzDO4HPQTNJsoWWfYEL+EUQ2cKY=
gopkg.in/check.v1 v0.0.0-20161208181325-20d25e280405 h1:yhCVgyC4o1eVCa2tZl7eS0r+SDo693bJlVdllGtEeKM=
gopkg.in/check.v1 v0.0.0-20161208181325-20d25e280405/go.mod h1:Co6ibVJAznAaIkqp8huTwlJQCZ016jof/cbN4VW5Yz0=
gopkg.in/yaml.v3 v3.0.1 h1:fxVm/GzAzEWqLHuvctI91KS9hhNmmWOoWu0XTYJS7CA=
gopkg.in/yaml.v3 v3.0.1/go.mod h1:K4uyk7z7BCEPqu6E+C64Yfv1cQ7kz7rIZviUmN+EgEM=
pgregory.net/rapid v1.1.0 h1:CMa0sjHSru3puNx+J0MIAuiiEV4N0qj8/cMWGBBCsjw=
pgregory.net/rapid v1.1.0/go.mod h1:PY5XlDGj0+V1FCq0o192FdRhpKHGTRIWBgqjDBTrq04=
