# Generated by buf. DO NOT EDIT.
version: v1
deps:
  - remote: buf.build
    owner: cosmos
    repository: cosmos-proto
    commit: 04467658e59e44bbb22fe568206e1f70
    digest: shake256:73a640bd60e0c523b0f8237ff34eab67c45a38b64bbbde1d80224819d272dbf316ac183526bd245f994af6608b025f5130483d0133c5edd385531326b5990466
  - remote: buf.build
    owner: cosmos
    repository: cosmos-sdk
    commit: 34ac2e8322d44db08830e553ad21b93c
    digest: shake256:b0dd0de5ef770147002e290a9e9f8de8cc8727cbf932628892fbb9027d5ebec5c2a63c0e340e4ef7af72369ecdf51221dcc385ce2137afaa72532228f6999d74
  - remote: buf.build
    owner: cosmos
    repository: gogo-proto
    commit: 88ef6483f90f478fb938c37dde52ece3
    digest: shake256:89c45df2aa11e0cff97b0d695436713db3d993d76792e9f8dc1ae90e6ab9a9bec55503d48ceedd6b86069ab07d3041b32001b2bfe0227fa725dd515ff381e5ba
  - remote: buf.build
    owner: googleapis
    repository: googleapis
    commit: 751cbe31638d43a9bfb6162cd2352e67
    digest: shake256:87f55470d9d124e2d1dedfe0231221f4ed7efbc55bc5268917c678e2d9b9c41573a7f9a557f6d8539044524d9fc5ca8fbb7db05eb81379d168285d76b57eb8a4
  - remote: buf.build
    owner: protocolbuffers
    repository: wellknowntypes
    commit: 7727a3b7399540398e5736b9916f0faa
    digest: shake256:74c046f009811965d227acd11bb2c6259bf387759d4230b95405e402a2ed4212d6f4babab690407d07bc81095c3917c4ae9144195ddfb081525c9aec58e51173
