github.com/brianvoe/gofakeit/v7 v7.0.3 h1:tGCt+eYfhTMWE1ko5G2EO1f/yE44yNpIwUb4h32O0wo=
github.com/brianvoe/gofakeit/v7 v7.0.3/go.mod h1:QXuPeBw164PJCzCUZVmgpgHJ3Llj49jSLVkKPMtxtxA=
pgregory.net/rapid v1.1.0 h1:CMa0sjHSru3puNx+J0MIAuiiEV4N0qj8/cMWGBBCsjw=
pgregory.net/rapid v1.1.0/go.mod h1:PY5XlDGj0+V1FCq0o192FdRhpKHGTRIWBgqjDBTrq04=
