# Generated by buf. DO NOT EDIT.
version: v1
deps:
  - remote: buf.build
    owner: cometbft
    repository: cometbft
    commit: c0d3497e35d649538679874acdd86660
    digest: shake256:05d2fb9e6b6bf82385ac26b250afbba281a2ca79f51729291373d24ca676d743183bf70a921daae6feafd5f9917120e2548a7c477d9743f668bca27cc1e12fdf
  - remote: buf.build
    owner: cosmos
    repository: cosmos-proto
    commit: 04467658e59e44bbb22fe568206e1f70
    digest: shake256:73a640bd60e0c523b0f8237ff34eab67c45a38b64bbbde1d80224819d272dbf316ac183526bd245f994af6608b025f5130483d0133c5edd385531326b5990466
  - remote: buf.build
    owner: cosmos
    repository: cosmos-sdk
    commit: 05419252bcc241ea8023acf1ed4cadc5
    digest: shake256:1e54a48c19a8b59d35e0a7efa76402939f515f2d8005df099856f24c37c20a52800308f025abb8cffcd014d437b49707388aaca4865d9d063d8f25d5d4eb77d5
  - remote: buf.build
    owner: cosmos
    repository: gogo-proto
    commit: 88ef6483f90f478fb938c37dde52ece3
    digest: shake256:89c45df2aa11e0cff97b0d695436713db3d993d76792e9f8dc1ae90e6ab9a9bec55503d48ceedd6b86069ab07d3041b32001b2bfe0227fa725dd515ff381e5ba
  - remote: buf.build
    owner: googleapis
    repository: googleapis
    commit: 8bc2c51e08c447cd8886cdea48a73e14
    digest: shake256:a969155953a5cedc5b2df5b42c368f2bc66ff8ce1804bc96e0f14ff2ee8a893687963058909df844d1643cdbc98ff099d2daa6bc9f9f5b8886c49afdc60e19af
  - remote: buf.build
    owner: protocolbuffers
    repository: wellknowntypes
    commit: 657250e6a39648cbb169d079a60bd9ba
    digest: shake256:00de25001b8dd2e29d85fc4bcc3ede7aed886d76d67f5e0f7a9b320b90f871d3eb73507d50818d823a0512f3f8db77a11c043685528403e31ff3fef18323a9fb
  - remote: buf.build
    owner: tendermint
    repository: tendermint
    commit: 33ed361a90514289beabf3189e1d7665
    digest: shake256:038267e06294714fd883610626554b04a127b576b4e253befb4206cb72d5d3c1eeccacd4b9ec8e3fb891f7c14e1cb0f770c077d2989638995b0a61c85afedb1d
