hash: 7346a42bb65804c7f1d12bfdb118719f742f1a43cfbdeae37e877f88c22ec3df
updated: 2017-03-28T02:06:35.001195936-04:00
imports:
- name: github.com/btcsuite/btcd
  version: 583684b21bfbde9b5fc4403916fd7c807feb0289
  subpackages:
  - btcec
- name: github.com/BurntSushi/toml
  version: 99064174e013895bbd9b025c31100bd1d9b590ca
- name: github.com/ebuchman/fail-test
  version: 95f809107225be108efcf10a3509e4ea6ceef3c4
- name: github.com/go-stack/stack
  version: 100eb0c0a9c5b306ca2fb4f165df21d80ada4b82
- name: github.com/golang/protobuf
  version: 69b215d01a5606c843240eab4937eab3acee6530
  subpackages:
  - proto
- name: github.com/golang/snappy
  version: 553a641470496b2327abcac10b36396bd98e45c9
- name: github.com/gorilla/websocket
  version: 3ab3a8b8831546bd18fd182c20687ca853b2bb13
- name: github.com/inconshreveable/mousetrap
  version: 76626ae9c91c4f2a10f34cad8ce83ea42c93bb75
- name: github.com/jmhodges/levigo
  version: c42d9e0ca023e2198120196f842701bb4c55d7b9
- name: github.com/mattn/go-colorable
  version: acb9493f2794fd0f820de7a27a217dafbb1b65ea
- name: github.com/mattn/go-isatty
  version: 9622e0cc9d8f9be434ca605520ff9a16808fee47
- name: github.com/pkg/errors
  version: 645ef00459ed84a119197bfb8d8205042c6df63d
- name: github.com/spf13/cobra
  version: fcd0c5a1df88f5d6784cb4feead962c3f3d0b66c
- name: github.com/spf13/pflag
  version: 9ff6c6923cfffbcd502984b8e0c80539a94968b7
- name: github.com/syndtr/goleveldb
  version: 3c5717caf1475fd25964109a0fc640bd150fce43
  subpackages:
  - leveldb
  - leveldb/cache
  - leveldb/comparer
  - leveldb/errors
  - leveldb/filter
  - leveldb/iterator
  - leveldb/journal
  - leveldb/memdb
  - leveldb/opt
  - leveldb/storage
  - leveldb/table
  - leveldb/util
- name: github.com/tendermint/abci
  version: af792eac777de757cd496349a5f6b5313738fcbc
  subpackages:
  - client
  - example/dummy
  - server
  - types
- name: github.com/tendermint/ed25519
  version: 1f52c6f8b8a5c7908aff4497c186af344b428925
  subpackages:
  - edwards25519
  - extra25519
- name: github.com/tendermint/go-autofile
  version: 48b17de82914e1ec2f134ce823ba426337d2c518
- name: github.com/tendermint/go-clist
  version: 3baa390bbaf7634251c42ad69a8682e7e3990552
- name: github.com/tendermint/go-common
  version: dcb015dff6c7af21e65c8e2f3b450df19d38c777
- name: github.com/tendermint/go-config
  version: 620dcbbd7d587cf3599dedbf329b64311b0c307a
- name: github.com/tendermint/go-crypto
  version: 3f47cfac5fcd9e0f1727c7db980b3559913b3e3a
- name: github.com/tendermint/go-data
  version: 32271140e8fd5abdbb22e268d7a02421fa382f0b
- name: github.com/tendermint/go-db
  version: eac3f2bc147023957c8bf69432a4e6c4dc5c3f72
- name: github.com/tendermint/go-events
  version: f8ffbfb2be3483e9e7927495590a727f51c0c11f
- name: github.com/tendermint/go-flowrate
  version: a20c98e61957faa93b4014fbd902f20ab9317a6a
  subpackages:
  - flowrate
- name: github.com/tendermint/go-logger
  version: cefb3a45c0bf3c493a04e9bcd9b1540528be59f2
- name: github.com/tendermint/go-merkle
  version: 714d4d04557fd068a7c2a1748241ce8428015a96
- name: github.com/tendermint/go-p2p
  version: 97a5ed2d1a17eaee8717b8a32cfaf7a9a82a273d
  subpackages:
  - upnp
- name: github.com/tendermint/go-rpc
  version: fcea0cda21f64889be00a0f4b6d13266b1a76ee7
  subpackages:
  - client
  - server
  - types
- name: github.com/tendermint/go-wire
  version: f530b7af7a8b06e612c2063bff6ace49060a085e
- name: github.com/tendermint/log15
  version: ae0f3d6450da9eac7074b439c8e1c3cabf0d5ce6
  subpackages:
  - term
- name: github.com/tendermint/merkleeyes
  version: 9fb76efa5aebe773a598f97e68e75fe53d520e70
  subpackages:
  - app
  - client
- name: github.com/tendermint/tendermint
  version: 022a5509181a19f78995a3dd9bba470333fe2d63
  subpackages:
  - blockchain
  - cmd/tendermint/commands
  - config/tendermint
  - consensus
  - mempool
  - node
  - proxy
  - rpc/core
  - rpc/core/types
  - rpc/grpc
  - state
  - types
  - version
- name: golang.org/x/crypto
  version: 40541ccb1c6e64c947ed6f606b8a6cb4b67d7436
  subpackages:
  - curve25519
  - nacl/box
  - nacl/secretbox
  - openpgp/armor
  - openpgp/errors
  - poly1305
  - ripemd160
  - salsa20/salsa
- name: golang.org/x/net
  version: d379faa25cbdc04d653984913a2ceb43b0bc46d7
  subpackages:
  - context
  - http2
  - http2/hpack
  - idna
  - internal/timeseries
  - lex/httplex
  - trace
- name: golang.org/x/sys
  version: e48874b42435b4347fc52bdee0424a52abc974d7
  subpackages:
  - unix
- name: google.golang.org/grpc
  version: 7b399ed358736bc5522021cdc7d79a8ee9ac6f98
  subpackages:
  - codes
  - credentials
  - grpclog
  - internal
  - metadata
  - naming
  - peer
  - stats
  - tap
  - transport
testImports:
- name: github.com/davecgh/go-spew
  version: 6d212800a42e8ab5c146b8ace3490ee17e5225f9
  subpackages:
  - spew
- name: github.com/pmezard/go-difflib
  version: d8ed2627bdf02c080bf22230dbb337003b7aba2d
  subpackages:
  - difflib
- name: github.com/stretchr/testify
  version: 69483b4bd14f5845b5a1e55bca19e954e827f1d0
  subpackages:
  - assert
  - require
