hash: 3869944d14a8df914ffcad02c2ef3548173daba51c5ea697767f8af77c07b348
updated: 2017-01-15T14:45:40.368426139-08:00
imports:
- name: github.com/btcsuite/btcd
  version: afec1bd1245a4a19e6dfe1306974b733e7cbb9b8
  subpackages:
  - btcec
- name: github.com/btcsuite/fastsha256
  version: 637e656429416087660c84436a2a035d69d54e2e
- name: github.com/BurntSushi/toml
  version: 99064174e013895bbd9b025c31100bd1d9b590ca
- name: github.com/go-stack/stack
  version: 100eb0c0a9c5b306ca2fb4f165df21d80ada4b82
- name: github.com/golang/protobuf
  version: 1f49d83d9aa00e6ce4fc8258c71cc7786aec968a
  subpackages:
  - proto
- name: github.com/golang/snappy
  version: d9eb7a3d35ec988b8585d4a0068e462c27d28380
- name: github.com/gorilla/websocket
  version: 3ab3a8b8831546bd18fd182c20687ca853b2bb13
- name: github.com/jmhodges/levigo
  version: c42d9e0ca023e2198120196f842701bb4c55d7b9
- name: github.com/mattn/go-colorable
  version: ed8eb9e318d7a84ce5915b495b7d35e0cfe7b5a8
- name: github.com/mattn/go-isatty
  version: 66b8e73f3f5cda9f96b69efd03dd3d7fc4a5cdb8
- name: github.com/syndtr/goleveldb
  version: 6ae1797c0b42b9323fc27ff7dcf568df88f2f33d
  subpackages:
  - leveldb
  - leveldb/cache
  - leveldb/comparer
  - leveldb/errors
  - leveldb/filter
  - leveldb/iterator
  - leveldb/journal
  - leveldb/memdb
  - leveldb/opt
  - leveldb/storage
  - leveldb/table
  - leveldb/util
- name: github.com/tendermint/abci
  version: 05096de3687ac582bec63860b3dd384acd9149aa
  subpackages:
  - client
  - server
  - types
- name: github.com/tendermint/ed25519
  version: 1f52c6f8b8a5c7908aff4497c186af344b428925
  subpackages:
  - edwards25519
  - extra25519
- name: github.com/tendermint/go-common
  version: 70e694ee76f09058ea38c9ba81b4aa621bd54df1
- name: github.com/tendermint/go-config
  version: e64b424499acd0eb9856b88e10c0dff41628c0d6
- name: github.com/tendermint/go-crypto
  version: 4b11d62bdb324027ea01554e5767b71174680ba0
- name: github.com/tendermint/go-db
  version: 2645626c33d8702739e52a61a55d705c2dfe4530
- name: github.com/tendermint/go-events
  version: 2337086736a6adeb2de6f66739b66ecd77535997
- name: github.com/tendermint/go-flowrate
  version: a20c98e61957faa93b4014fbd902f20ab9317a6a
  subpackages:
  - flowrate
- name: github.com/tendermint/go-logger
  version: cefb3a45c0bf3c493a04e9bcd9b1540528be59f2
- name: github.com/tendermint/go-merkle
  version: 2979c7eb8aa020fa1cf203654907dbb889703888
- name: github.com/tendermint/go-p2p
  version: 67c9086b7458eb45b1970483decd01cd744c477a
  subpackages:
  - upnp
- name: github.com/tendermint/go-rpc
  version: 6177eb8398ebd4613fbecb71fd96d7c7d97303ec
  subpackages:
  - client
  - types
- name: github.com/tendermint/go-wire
  version: 2f3b7aafe21c80b19b6ee3210ecb3e3d07c7a471
- name: github.com/tendermint/log15
  version: 9545b249b3aacafa97f79e0838b02b274adc6f5f
  subpackages:
  - term
- name: github.com/tendermint/merkleeyes
  version: 2cf87e5f049ab6131aa4ea188c1b5b629d9b3bf9
  subpackages:
  - app
  - client
- name: github.com/tendermint/tendermint
  version: 9a2dd8bc9279ed2a1a4d4f31cc151f8a621cceb3
  subpackages:
  - rpc/core/types
  - types
- name: golang.org/x/crypto
  version: aa2481cbfe81d911eb62b642b7a6b5ec58bbea71
  subpackages:
  - curve25519
  - nacl/box
  - nacl/secretbox
  - openpgp/armor
  - openpgp/errors
  - poly1305
  - ripemd160
  - salsa20/salsa
- name: golang.org/x/net
  version: cfe3c2a7525b50c3d707256e371c90938cfef98a
  subpackages:
  - context
  - http2
  - http2/hpack
  - internal/timeseries
  - lex/httplex
  - trace
- name: golang.org/x/sys
  version: 30de6d19a3bd89a5f38ae4028e23aaa5582648af
  subpackages:
  - unix
- name: google.golang.org/grpc
  version: 50955793b0183f9de69bd78e2ec251cf20aab121
  subpackages:
  - codes
  - credentials
  - grpclog
  - internal
  - metadata
  - naming
  - peer
  - stats
  - tap
  - transport
testImports:
- name: github.com/davecgh/go-spew
  version: 6d212800a42e8ab5c146b8ace3490ee17e5225f9
  subpackages:
  - spew
- name: github.com/pmezard/go-difflib
  version: d8ed2627bdf02c080bf22230dbb337003b7aba2d
  subpackages:
  - difflib
- name: github.com/stretchr/testify
  version: 69483b4bd14f5845b5a1e55bca19e954e827f1d0
  subpackages:
  - assert
