github.com/cometbft/cometbft v0.0.0-20230202201700-d159562d0d96 h1:IRiCr0VpGdF5uIokdeUOdleG1zCIfuAtmCSgdvp1Ay0=
github.com/cometbft/cometbft v0.0.0-20230202201700-d159562d0d96/go.mod h1:OzbxTW/3VRke0yIK8OmfVcRlF7cDkk0nu0XM/aw72FI=
github.com/davecgh/go-spew v1.1.1 h1:vj9j/u1bqnvCEfJOwUhtlOARqs3+rkHYY13jYWTU97c=
github.com/go-kit/log v0.2.1 h1:MRVx0/zhvdseW+Gza6N9rVzU/IVzaeE1SFI4raAhmBU=
github.com/go-kit/log v0.2.1/go.mod h1:NwTd00d/i8cPZ3xOwwiv2PO5MOcx78fFErGNcVmBjv0=
github.com/go-logfmt/logfmt v0.5.1 h1:otpy5pqBCBZ1ng9RQ0dPu4PN7ba75Y/aA+UpowDyNVA=
github.com/go-logfmt/logfmt v0.5.1/go.mod h1:WYhtIu8zTZfxdn5+rREduYbwxfcBr/Vr6KEVveWlfTs=
github.com/pkg/errors v0.9.1 h1:FEBLx1zS214owpjy7qsBeixbURkuhQAwrK5UwLGTwt4=
github.com/pkg/errors v0.9.1/go.mod h1:bwawxfHBFNV+L2hUp1rHADufV3IMtnDRdf1r5NINEl0=
github.com/pmezard/go-difflib v1.0.0 h1:4DBwDE0NGyQoBHbLQYPwSUPoCMWR5BEzIk/f1lZbAQM=
github.com/stretchr/testify v1.8.1 h1:w7B6lhMri9wdJUVmEZPGGhZzrYTPvgJArz7wNPgYKsk=
gopkg.in/yaml.v3 v3.0.1 h1:fxVm/GzAzEWqLHuvctI91KS9hhNmmWOoWu0XTYJS7CA=
