cosmossdk.io/core v1.0.0-alpha.6 h1:5ukC4JcQKmemLQXcAgu/QoOvJI50hpBkIIg4ZT2EN8E=
cosmossdk.io/core v1.0.0-alpha.6/go.mod h1:3u9cWq1FAVtiiCrDPpo4LhR+9V6k/ycSG4/Y/tREWCY=
cosmossdk.io/core/testing v0.0.1 h1:gYCTaftcRrz+HoNXmK7r9KgbG1jgBJ8pNzm/Pa/erFQ=
cosmossdk.io/core/testing v0.0.1/go.mod h1:2VDNz/25qtxgPa0+j8LW5e8Ev/xObqoJA7QuJS9/wIQ=
cosmossdk.io/schema v1.0.0 h1:/diH4XJjpV1JQwuIozwr+A4uFuuwanFdnw2kKeiXwwQ=
cosmossdk.io/schema v1.0.0/go.mod h1:RDAhxIeNB4bYqAlF4NBJwRrgtnciMcyyg0DOKnhNZQQ=
github.com/cosmos/gogoproto v1.7.0 h1:79USr0oyXAbxg3rspGh/m4SWNyoz/GLaAh0QlCe2fro=
github.com/cosmos/gogoproto v1.7.0/go.mod h1:yWChEv5IUEYURQasfyBW5ffkMHR/90hiHgbNgrtp4j0=
github.com/golang/protobuf v1.5.3 h1:KhyjKVUg7Usr/dYsdSqoFveMYd5ko72D+zANwlG1mmg=
github.com/golang/protobuf v1.5.3/go.mod h1:XVQd3VNwM+JqD3oG2Ue2ip4fOMUkwXdXDdiuN0vRsmY=
github.com/google/go-cmp v0.6.0 h1:ofyhxvXcZhMsU5ulbFiLKl/XBFqE1GSq7atu8tAmTRI=
github.com/google/go-cmp v0.6.0/go.mod h1:17dUlkBOakJ0+DkrSSNjCkIjxS6bF9zb3elmeNGIjoY=
github.com/tidwall/btree v1.7.0 h1:L1fkJH/AuEh5zBnnBbmTwQ5Lt+bRJ5A8EWecslvo9iI=
github.com/tidwall/btree v1.7.0/go.mod h1:twD9XRA5jj9VUQGELzDO4HPQTNJsoWWfYEL+EUQ2cKY=
google.golang.org/protobuf v1.35.2 h1:8Ar7bF+apOIoThw1EdZl0p1oWvMqTHmpA2fRTyZO8io=
google.golang.org/protobuf v1.35.2/go.mod h1:9fA7Ob0pmnwhb644+1+CVWFRbNajQ6iRojtC/QF5bRE=
