cosmossdk.io/api v0.7.0 h1:QsEMIWuv9xWDbF2HZnW4Lpu1/SejCztPu0LQx7t6MN4=
cosmossdk.io/api v0.7.0/go.mod h1:kJFAEMLN57y0viszHDPLMmieF0471o5QAwwApa+270M=
cosmossdk.io/core v0.10.0 h1:NP28Ol9YyRODmZLJg2ko/mUl40hMegeMzhJnG+XPkcY=
cosmossdk.io/core v0.10.0/go.mod h1:MygXNld9DvMgYY4yE76DM/mdZpgfeyRjy6FPjEEehlY=
cosmossdk.io/errors v1.0.0 h1:nxF07lmlBbB8NKQhtJ+sJm6ef5uV1XkvPXG2bUntb04=
cosmossdk.io/errors v1.0.0/go.mod h1:+hJZLuhdDE0pYN8HkOrVNwrIOYvUGnn6+4fjnJs/oV0=
cosmossdk.io/math v1.1.2 h1:ORZetZCTyWkI5GlZ6CZS28fMHi83ZYf+A2vVnHNzZBM=
cosmossdk.io/math v1.1.2/go.mod h1:l2Gnda87F0su8a/7FEKJfFdJrM0JZRXQaohlgJeyQh0=
github.com/cosmos/cosmos-proto v1.0.0-beta.3 h1:VitvZ1lPORTVxkmF2fAp3IiA61xVwArQYKXTdEcpW6o=
github.com/cosmos/cosmos-proto v1.0.0-beta.3/go.mod h1:t8IASdLaAq+bbHbjq4p960BvcTqtwuAxid3b/2rOD6I=
github.com/cosmos/gogoproto v1.4.11 h1:LZcMHrx4FjUgrqQSWeaGC1v/TeuVFqSLa43CC6aWR2g=
github.com/cosmos/gogoproto v1.4.11/go.mod h1:/g39Mh8m17X8Q/GDEs5zYTSNaNnInBSohtaxzQnYq1Y=
github.com/davecgh/go-spew v1.1.0/go.mod h1:J7Y8YcW2NihsgmVo/mv3lAwl/skON4iLHjSsI+c5H38=
github.com/davecgh/go-spew v1.1.1 h1:vj9j/u1bqnvCEfJOwUhtlOARqs3+rkHYY13jYWTU97c=
github.com/davecgh/go-spew v1.1.1/go.mod h1:J7Y8YcW2NihsgmVo/mv3lAwl/skON4iLHjSsI+c5H38=
github.com/golang/protobuf v1.3.0/go.mod h1:Qd/q+1AKNOZr9uGQzbzCmRO6sUih6GTPZv6a1/R87v0=
github.com/golang/protobuf v1.5.0/go.mod h1:FsONVRAS9T7sI+LIUmWTfcYkHO4aIWwzhcaSAoJOfIk=
github.com/golang/protobuf v1.5.3 h1:KhyjKVUg7Usr/dYsdSqoFveMYd5ko72D+zANwlG1mmg=
github.com/golang/protobuf v1.5.3/go.mod h1:XVQd3VNwM+JqD3oG2Ue2ip4fOMUkwXdXDdiuN0vRsmY=
github.com/google/go-cmp v0.5.5/go.mod h1:v8dTdLbMG2kIc/vJvl+f65V22dbkXbowE6jgT/gNBxE=
github.com/google/go-cmp v0.5.9 h1:O2Tfq5qg4qc4AmwVlvv0oLiVAGB7enBSJ2x2DqQFi38=
github.com/google/go-cmp v0.5.9/go.mod h1:17dUlkBOakJ0+DkrSSNjCkIjxS6bF9zb3elmeNGIjoY=
github.com/google/gofuzz v0.0.0-20170612174753-24818f796faf/go.mod h1:HP5RmnzzSNb993RKQDq4+1A4ia9nllfqcQFTQJedwGI=
github.com/google/gofuzz v1.2.0 h1:xRy4A+RhZaiKjJ1bPfwQ8sedCA+YS2YcCHW6ec7JMi0=
github.com/google/gofuzz v1.2.0/go.mod h1:dBl0BpW6vV/+mYPU4Po3pmUjxk6FQPldtuIdl/M65Eg=
github.com/iancoleman/strcase v0.3.0 h1:nTXanmYxhfFAMjZL34Ov6gkzEsSJZ5DbhxWjvSASxEI=
github.com/iancoleman/strcase v0.3.0/go.mod h1:iwCmte+B7n89clKwxIoIXy/HfoL7AsD47ZCWhYzw7ho=
github.com/kr/pretty v0.3.1 h1:flRD4NNwYAUpkphVc1HcthR4KEIFJ65n8Mw5qdRn3LE=
github.com/kr/pretty v0.3.1/go.mod h1:hoEshYVHaxMs3cyo3Yncou5ZscifuDolrwPKZanG3xk=
github.com/kr/text v0.2.0 h1:5Nx0Ya0ZqY2ygV366QzturHI13Jq95ApcVaJBhpS+AY=
github.com/kr/text v0.2.0/go.mod h1:eLer722TekiGuMkidMxC/pM04lWEeraHUUmBw8l2grE=
github.com/pkg/errors v0.9.1 h1:FEBLx1zS214owpjy7qsBeixbURkuhQAwrK5UwLGTwt4=
github.com/pkg/errors v0.9.1/go.mod h1:bwawxfHBFNV+L2hUp1rHADufV3IMtnDRdf1r5NINEl0=
github.com/pmezard/go-difflib v1.0.0 h1:4DBwDE0NGyQoBHbLQYPwSUPoCMWR5BEzIk/f1lZbAQM=
github.com/pmezard/go-difflib v1.0.0/go.mod h1:iKH77koFhYxTK1pcRnkKkqfTogsbg7gZNVY4sRDYZ/4=
github.com/rogpeppe/go-internal v1.11.0 h1:cWPaGQEPrBb5/AsnsZesgZZ9yb1OQ+GOISoDNXVBh4M=
github.com/rogpeppe/go-internal v1.11.0/go.mod h1:ddIwULY96R17DhadqLgMfk9H9tvdUzkipdSkR5nkCZA=
github.com/stretchr/objx v0.1.0/go.mod h1:HFkY916IF+rwdDfMAkV7OtwuqBVzrE8GR6GFx+wExME=
github.com/stretchr/testify v1.3.0/go.mod h1:M5WIy9Dh21IEIfnGCwXGc5bZfKNJtfHm1UVUgZn+9EI=
github.com/stretchr/testify v1.8.4 h1:CcVxjf3Q8PM0mHUKJCdn+eZZtm5yQwehR5yeSVQQcUk=
github.com/stretchr/testify v1.8.4/go.mod h1:sz/lmYIOXD/1dqDmKjjqLyZ2RngseejIcXlSw2iwfAo=
github.com/tendermint/go-amino v0.16.0 h1:GyhmgQKvqF82e2oZeuMSp9JTN0N09emoSZlb2lyGa2E=
github.com/tendermint/go-amino v0.16.0/go.mod h1:TQU0M1i/ImAo+tYpZi73AU3V/dKeCoMC9Sphe2ZwGME=
golang.org/x/exp v0.0.0-20230817173708-d852ddb80c63 h1:m64FZMko/V45gv0bNmrNYoDEq8U5YUhetc9cBWKS1TQ=
golang.org/x/exp v0.0.0-20230817173708-d852ddb80c63/go.mod h1:0v4NqG35kSWCMzLaMeX+IQrlSnVE/bqGSyC2cz/9Le8=
golang.org/x/net v0.0.0-20180906233101-161cd47e91fd/go.mod h1:mL1N/T3taQHkDXs73rZJwtUhF3w3ftmwwsq0BUmARs4=
golang.org/x/net v0.14.0 h1:BONx9s002vGdD9umnlX1Po8vOZmrgH34qlHcD1MfK14=
golang.org/x/net v0.14.0/go.mod h1:PpSgVXXLK0OxS0F31C1/tv6XNguvCrnXIDrFMspZIUI=
golang.org/x/sync v0.0.0-20180314180146-1d60e4601c6f/go.mod h1:RxMgew5VJxzue5/jJTE5uejpjVlOe/izrB70Jof72aM=
golang.org/x/sync v0.0.0-20190227155943-e225da77a7e6/go.mod h1:RxMgew5VJxzue5/jJTE5uejpjVlOe/izrB70Jof72aM=
golang.org/x/sys v0.11.0 h1:eG7RXZHdqOJ1i+0lgLgCpSXAp6M3LYlAo6osgSi0xOM=
golang.org/x/sys v0.11.0/go.mod h1:oPkhp1MJrh7nUepCBck5+mAzfO9JrbApNNgaTdGDITg=
golang.org/x/text v0.12.0 h1:k+n5B8goJNdU7hSvEtMUz3d1Q6D/XW4COJSJR6fN0mc=
golang.org/x/text v0.12.0/go.mod h1:TvPlkZtksWOMsz7fbANvkp4WM8x/WCo/om8BMLbz+aE=
golang.org/x/xerrors v0.0.0-20191204190536-9bdfabe68543/go.mod h1:I/5z698sn9Ka8TeJc9MKroUUfqBBauWjQqLJ2OPfmY0=
google.golang.org/genproto v0.0.0-20180831171423-11092d34479b/go.mod h1:JiN7NxoALGmiZfu7CAH4rXhgtRTLTxftemlI0sWmxmc=
google.golang.org/genproto v0.0.0-20230803162519-f966b187b2e5 h1:L6iMMGrtzgHsWofoFcihmDEMYeDR9KN/ThbPWGrh++g=
google.golang.org/genproto v0.0.0-20230803162519-f966b187b2e5/go.mod h1:oH/ZOT02u4kWEp7oYBGYFFkCdKS/uYR9Z7+0/xuuFp8=
google.golang.org/genproto/googleapis/api v0.0.0-20230726155614-23370e0ffb3e h1:z3vDksarJxsAKM5dmEGv0GHwE2hKJ096wZra71Vs4sw=
google.golang.org/genproto/googleapis/api v0.0.0-20230726155614-23370e0ffb3e/go.mod h1:rsr7RhLuwsDKL7RmgDDCUc6yaGr1iqceVb5Wv6f6YvQ=
google.golang.org/genproto/googleapis/rpc v0.0.0-20230815205213-6bfd019c3878 h1:lv6/DhyiFFGsmzxbsUUTOkN29II+zeWHxvT8Lpdxsv0=
google.golang.org/genproto/googleapis/rpc v0.0.0-20230815205213-6bfd019c3878/go.mod h1:+Bk1OCOj40wS2hwAMA+aCW9ypzm63QTBBHp6lQ3p+9M=
google.golang.org/grpc v1.57.0 h1:kfzNeI/klCGD2YPMUlaGNT3pxvYfga7smW3Vth8Zsiw=
google.golang.org/grpc v1.57.0/go.mod h1:Sd+9RMTACXwmub0zcNY2c4arhtrbBYD1AUHI/dt16Mo=
google.golang.org/protobuf v1.26.0-rc.1/go.mod h1:jlhhOSvTdKEhbULTjvd4ARK9grFBp09yW+WbY/TyQbw=
google.golang.org/protobuf v1.26.0/go.mod h1:9q0QmTI4eRPtz6boOQmLYwt+qCgq0jsYwAQnmE0givc=
google.golang.org/protobuf v1.31.0 h1:g0LDEJHgrBl9N9r17Ru3sqWhkIx2NB67okBHPwC7hs8=
google.golang.org/protobuf v1.31.0/go.mod h1:HV8QOd/L58Z+nl8r43ehVNZIU/HEI6OcFqwMG9pJV4I=
gopkg.in/check.v1 v0.0.0-20161208181325-20d25e280405/go.mod h1:Co6ibVJAznAaIkqp8huTwlJQCZ016jof/cbN4VW5Yz0=
gopkg.in/check.v1 v1.0.0-20201130134442-10cb98267c6c h1:Hei/4ADfdWqJk1ZMxUNpqntNwaWcugrBjAiHlqqRiVk=
gopkg.in/check.v1 v1.0.0-20201130134442-10cb98267c6c/go.mod h1:JHkPIbrfpd72SG/EVd6muEfDQjcINNoR0C8j2r3qZ4Q=
gopkg.in/yaml.v2 v2.4.0 h1:D8xgwECY7CYvx+Y2n4sBz93Jn9JRvxdiyyo8CTfuKaY=
gopkg.in/yaml.v2 v2.4.0/go.mod h1:RDklbk79AGWmwhnvt/jBztapEOGDOx6ZbXqjP6csGnQ=
gopkg.in/yaml.v3 v3.0.1 h1:fxVm/GzAzEWqLHuvctI91KS9hhNmmWOoWu0XTYJS7CA=
gopkg.in/yaml.v3 v3.0.1/go.mod h1:K4uyk7z7BCEPqu6E+C64Yfv1cQ7kz7rIZviUmN+EgEM=
gotest.tools/v3 v3.5.0 h1:Ljk6PdHdOhAb5aDMWXjDLMMhph+BpztA4v1QdqEW2eY=
gotest.tools/v3 v3.5.0/go.mod h1:isy3WKz7GK6uNw/sbHzfKBLvlvXwUyV06n6brMxxopU=
pgregory.net/rapid v1.1.0 h1:CMa0sjHSru3puNx+J0MIAuiiEV4N0qj8/cMWGBBCsjw=
pgregory.net/rapid v1.1.0/go.mod h1:PY5XlDGj0+V1FCq0o192FdRhpKHGTRIWBgqjDBTrq04=
sigs.k8s.io/yaml v1.3.0 h1:a2VclLzOGrwOHDiV8EfBGhvjHvP46CtW5j6POvhYGGo=
sigs.k8s.io/yaml v1.3.0/go.mod h1:GeOyir5tyXNByN85N/dRIT9es5UQNerPYEKK56eTBm8=
