# Generated by buf. DO NOT EDIT.
version: v1
deps:
  - remote: buf.build
    owner: cosmos
    repository: cosmos-proto
    branch: main
    commit: 1935555c206d4afb9e94615dfd0fad31
  - remote: buf.build
    owner: cosmos
    repository: cosmos-sdk
    branch: main
    commit: 682ffb362ad94bf683cf3b8b5fa24d87
  - remote: buf.build
    owner: cosmos
    repository: gogo-proto
    branch: main
    commit: bee5511075b7499da6178d9e4aaa628b
  - remote: buf.build
    owner: googleapis
    repository: googleapis
    branch: main
    commit: 8abb121752d4454db5546c3b4653b450
