# Generated by buf. DO NOT EDIT.
version: v1
deps:
  - remote: buf.build
    owner: cosmos
    repository: cosmos-proto
    branch: main
    commit: 1935555c206d4afb9e94615dfd0fad31
  - remote: buf.build
    owner: cosmos
    repository: cosmos-sdk
    branch: main
    commit: 4fcdf4f6bbd84e4694c32c1c2a9c8815
  - remote: buf.build
    owner: cosmos
    repository: gogo-proto
    branch: main
    commit: bee5511075b7499da6178d9e4aaa628b
  - remote: buf.build
    owner: googleapis
    repository: googleapis
    branch: main
    commit: 2c4adef7af3d4b74b8a224260cf10cb9
