# Generated by buf. DO NOT EDIT.
version: v1
deps:
  - remote: buf.build
    owner: cometbft
    repository: cometbft
    commit: c0d3497e35d649538679874acdd86660
    digest: shake256:05d2fb9e6b6bf82385ac26b250afbba281a2ca79f51729291373d24ca676d743183bf70a921daae6feafd5f9917120e2548a7c477d9743f668bca27cc1e12fdf
  - remote: buf.build
    owner: cosmos
    repository: cosmos-proto
    commit: 04467658e59e44bbb22fe568206e1f70
    digest: shake256:73a640bd60e0c523b0f8237ff34eab67c45a38b64bbbde1d80224819d272dbf316ac183526bd245f994af6608b025f5130483d0133c5edd385531326b5990466
  - remote: buf.build
    owner: cosmos
    repository: gogo-proto
    commit: 88ef6483f90f478fb938c37dde52ece3
    digest: shake256:89c45df2aa11e0cff97b0d695436713db3d993d76792e9f8dc1ae90e6ab9a9bec55503d48ceedd6b86069ab07d3041b32001b2bfe0227fa725dd515ff381e5ba
  - remote: buf.build
    owner: googleapis
    repository: googleapis
    commit: 7e6f6e774e29406da95bd61cdcdbc8bc
    digest: shake256:fe43dd2265ea0c07d76bd925eeba612667cf4c948d2ce53d6e367e1b4b3cb5fa69a51e6acb1a6a50d32f894f054a35e6c0406f6808a483f2752e10c866ffbf73
