# Generated by buf. DO NOT EDIT.
version: v2
deps:
  - name: buf.build/cosmos/cosmos-proto
    commit: 04467658e59e44bbb22fe568206e1f70
    digest: b5:8058c0aadbee8c9af67a9cefe86492c6c0b0bd5b4526b0ec820507b91fc9b0b5efbebca97331854576d2d279b0b3f5ed6a7abb0640cb640c4186532239c48fc4
  - name: buf.build/cosmos/cosmos-sdk
    commit: 65fa41963e6a41dd95a35934239029df
    digest: b5:45c2788f1c8ca1c0e72f643d51dba37c3b25d113ee166277cd60dfd49404e713a178e177beaa7d6d016f3853722d77f8fbf40e9444e173cd3d89754d39ca0427
  - name: buf.build/cosmos/gogo-proto
    commit: 88ef6483f90f478fb938c37dde52ece3
    digest: b5:f0c69202c9bca9672dc72a9737ea9bc83744daaed2b3da77e3a95b0e53b86dee76b5a7405b993181d6c863fd64afaca0976a302f700d6c4912eb1692a1782c0a
  - name: buf.build/googleapis/googleapis
    commit: 004180b77378443887d3b55cabc00384
    digest: b5:e8f475fe3330f31f5fd86ac689093bcd274e19611a09db91f41d637cb9197881ce89882b94d13a58738e53c91c6e4bae7dc1feba85f590164c975a89e25115dc
  - name: buf.build/protocolbuffers/wellknowntypes
    commit: 4e1ccfa6827947beb55974645a315b8d
    digest: b5:eb5228b1abd02064d6ff0248918500c1ec1ce7df69126af3f220c0b67d81ff45bdf9f016a8e66cd9c1e534f18afc6d8e090d400604c5331d551a68d05f7e7be9
