cosmossdk.io/core v1.0.0-alpha.5 h1:McjYXAQ6XcT20v2uHyH7PhoWH8V+mebzfVFqT3GinsI=
cosmossdk.io/core v1.0.0-alpha.5/go.mod h1:3u9cWq1FAVtiiCrDPpo4LhR+9V6k/ycSG4/Y/tREWCY=
cosmossdk.io/schema v0.3.0 h1:01lcaM4trhzZ1HQTfTV8z6Ma1GziOZ/YmdzBN3F720c=
cosmossdk.io/schema v0.3.0/go.mod h1:RDAhxIeNB4bYqAlF4NBJwRrgtnciMcyyg0DOKnhNZQQ=
