cosmossdk.io/core v1.0.0-alpha.3 h1:pnxaYAas7llXgVz1lM7X6De74nWrhNKnB3yMKe4OUUA=
cosmossdk.io/core v1.0.0-alpha.3/go.mod h1:3u9cWq1FAVtiiCrDPpo4LhR+9V6k/ycSG4/Y/tREWCY=
cosmossdk.io/schema v0.3.0 h1:01lcaM4trhzZ1HQTfTV8z6Ma1GziOZ/YmdzBN3F720c=
cosmossdk.io/schema v0.3.0/go.mod h1:RDAhxIeNB4bYqAlF4NBJwRrgtnciMcyyg0DOKnhNZQQ=
