cosmossdk.io/core v1.0.0 h1:e7XBbISOytLBOXMVwpRPixThXqEkeLGlg8no/qpgS8U=
cosmossdk.io/core v1.0.0/go.mod h1:mKIp3RkoEmtqdEdFHxHwWAULRe+79gfdOvmArrLDbDc=
cosmossdk.io/schema v1.0.0 h1:/diH4XJjpV1JQwuIozwr+A4uFuuwanFdnw2kKeiXwwQ=
cosmossdk.io/schema v1.0.0/go.mod h1:RDAhxIeNB4bYqAlF4NBJwRrgtnciMcyyg0DOKnhNZQQ=
