cosmossdk.io/api v0.9.0 h1:QYs9APeSlDNGbsBOBFjp3jXgGd4hnEPnnku3+W3tT4Y=
cosmossdk.io/api v0.9.0/go.mod h1:pLkU/NSqYHWxyN7XftVt8iD7oldKJzqMZgzeiOmT2nk=
cosmossdk.io/collections v0.4.0 h1:PFmwj2W8szgpD5nOd8GWH6AbYNi1f2J6akWXJ7P5t9s=
cosmossdk.io/collections v0.4.0/go.mod h1:oa5lUING2dP+gdDquow+QjlF45eL1t4TJDypgGd+tv0=
cosmossdk.io/core v0.11.3 h1:mei+MVDJOwIjIniaKelE3jPDqShCc/F4LkNNHh+4yfo=
cosmossdk.io/core v0.11.3/go.mod h1:9rL4RE1uDt5AJ4Tg55sYyHWXA16VmpHgbe0PbJc6N2Y=
cosmossdk.io/errors v1.0.2 h1:wcYiJz08HThbWxd/L4jObeLaLySopyyuUFB5w4AGpCo=
cosmossdk.io/errors v1.0.2/go.mod h1:0rjgiHkftRYPj//3DrD6y8hcm40HcPv/dR4R/4efr0k=
cosmossdk.io/log v1.5.1 h1:wLwiYXmfrort/O+j6EkjF+HvbdrRQd+4cYCPKFSm+zM=
cosmossdk.io/log v1.5.1/go.mod h1:5cXXBvfBkR2/BcXmosdCSLXllvgSjphrrDVdfVRmBGM=
cosmossdk.io/math v1.5.1 h1:c6zo52nBRlqOeSIIQrn/zbxwcNwhaLjTMRn6e4vD7uc=
cosmossdk.io/math v1.5.1/go.mod h1:ToembcWID/wR94cucsMD+2gq6xrlBBOfWcGwC7ZdwZA=
cosmossdk.io/store v1.1.2 h1:3HOZG8+CuThREKv6cn3WSohAc6yccxO3hLzwK6rBC7o=
cosmossdk.io/store v1.1.2/go.mod h1:60rAGzTHevGm592kFhiUVkNC9w7gooSEn5iUBPzHQ6A=
cosmossdk.io/x/tx v0.14.0-rc.1 h1:EEYTknUALt7PEK7b3Q8RVDQ2vDA5A+DGFlEvVcUWjqA=
cosmossdk.io/x/tx v0.14.0-rc.1/go.mod h1:MKYHaI9c1PVM3Qns4c/7PfdbO4OaGvtaP9BmAbv8APo=
github.com/DataDog/zstd v1.5.6 h1:LbEglqepa/ipmmQJUDnSsfvA8e8IStVcGaFWDuxvGOY=
github.com/DataDog/zstd v1.5.6/go.mod h1:g4AWEaM3yOg3HYfnJ3YIawPnVdXJh9QME85blwSAmyw=
github.com/beorn7/perks v1.0.1 h1:VlbKKnNfV8bJzeqoa4cOKqO6bYr3WgKZxO8Z16+hsOM=
github.com/beorn7/perks v1.0.1/go.mod h1:G2ZrVWU2WbWT9wwq4/hrbKbnv/1ERSJQ0ibhJ6rlkpw=
github.com/btcsuite/btcd/btcutil v1.1.6 h1:zFL2+c3Lb9gEgqKNzowKUPQNb8jV7v5Oaodi/AYFd6c=
github.com/btcsuite/btcd/btcutil v1.1.6/go.mod h1:9dFymx8HpuLqBnsPELrImQeTQfKBQqzqGbbV3jK55aE=
github.com/bytedance/sonic v1.13.1 h1:Jyd5CIvdFnkOWuKXr+wm4Nyk2h0yAFsr8ucJgEasO3g=
github.com/bytedance/sonic v1.13.1/go.mod h1:o68xyaF9u2gvVBuGHPlUVCy+ZfmNNO5ETf1+KgkJhz4=
github.com/bytedance/sonic/loader v0.2.4 h1:ZWCw4stuXUsn1/+zQDqeE7JKP+QO47tz7QCNan80NzY=
github.com/bytedance/sonic/loader v0.2.4/go.mod h1:N8A3vUdtUebEY2/VQC0MyhYeKUFosQU6FxH2JmUe6VI=
github.com/cespare/xxhash/v2 v2.3.0 h1:UL815xU9SqsFlibzuggzjXhog7bL6oX9BbNZnL2UFvs=
github.com/cespare/xxhash/v2 v2.3.0/go.mod h1:VGX0DQ3Q6kWi7AoAeZDth3/j3BFtOZR5XLFGgcrjCOs=
github.com/cloudwego/base64x v0.1.5 h1:XPciSp1xaq2VCSt6lF0phncD4koWyULpl5bUxbfCyP4=
github.com/cloudwego/base64x v0.1.5/go.mod h1:0zlkT4Wn5C6NdauXdJRhSKRlJvmclQ1hhJgA0rcu/8w=
github.com/cockroachdb/apd/v3 v3.2.1 h1:U+8j7t0axsIgvQUqthuNm82HIrYXodOV2iWLWtEaIwg=
github.com/cockroachdb/apd/v3 v3.2.1/go.mod h1:klXJcjp+FffLTHlhIG69tezTDvdP065naDsHzKhYSqc=
github.com/cockroachdb/errors v1.11.3 h1:5bA+k2Y6r+oz/6Z/RFlNeVCesGARKuC6YymtcDrbC/I=
github.com/cockroachdb/errors v1.11.3/go.mod h1:m4UIW4CDjx+R5cybPsNrRbreomiFqt8o1h1wUVazSd8=
github.com/cockroachdb/fifo v0.0.0-20240606204812-0bbfbd93a7ce h1:giXvy4KSc/6g/esnpM7Geqxka4WSqI1SZc7sMJFd3y4=
github.com/cockroachdb/fifo v0.0.0-20240606204812-0bbfbd93a7ce/go.mod h1:9/y3cnZ5GKakj/H4y9r9GTjCvAFta7KLgSHPJJYc52M=
github.com/cockroachdb/logtags v0.0.0-20230118201751-21c54148d20b h1:r6VH0faHjZeQy818SGhaone5OnYfxFR/+AzdY3sf5aE=
github.com/cockroachdb/logtags v0.0.0-20230118201751-21c54148d20b/go.mod h1:Vz9DsVWQQhf3vs21MhPMZpMGSht7O/2vFW2xusFUVOs=
github.com/cockroachdb/pebble v1.1.2 h1:CUh2IPtR4swHlEj48Rhfzw6l/d0qA31fItcIszQVIsA=
github.com/cockroachdb/pebble v1.1.2/go.mod h1:4exszw1r40423ZsmkG/09AFEG83I0uDgfujJdbL6kYU=
github.com/cockroachdb/redact v1.1.5 h1:u1PMllDkdFfPWaNGMyLD1+so+aq3uUItthCFqzwPJ30=
github.com/cockroachdb/redact v1.1.5/go.mod h1:BVNblN9mBWFyMyqK1k3AAiSxhvhfK2oOZZ2lK+dpvRg=
github.com/cockroachdb/tokenbucket v0.0.0-20230807174530-cc333fc44b06 h1:zuQyyAKVxetITBuuhv3BI9cMrmStnpT18zmgmTxunpo=
github.com/cockroachdb/tokenbucket v0.0.0-20230807174530-cc333fc44b06/go.mod h1:7nc4anLGjupUW/PeY5qiNYsdNXj7zopG+eqsS7To5IQ=
github.com/cometbft/cometbft v0.38.17 h1:FkrQNbAjiFqXydeAO81FUzriL4Bz0abYxN/eOHrQGOk=
github.com/cometbft/cometbft v0.38.17/go.mod h1:5l0SkgeLRXi6bBfQuevXjKqML1jjfJJlvI1Ulp02/o4=
github.com/cometbft/cometbft-db v0.14.1 h1:SxoamPghqICBAIcGpleHbmoPqy+crij/++eZz3DlerQ=
github.com/cometbft/cometbft-db v0.14.1/go.mod h1:KHP1YghilyGV/xjD5DP3+2hyigWx0WTp9X+0Gnx0RxQ=
github.com/cosmos/btcutil v1.0.5 h1:t+ZFcX77LpKtDBhjucvnOH8C2l2ioGsBNEQ3jef8xFk=
github.com/cosmos/btcutil v1.0.5/go.mod h1:IyB7iuqZMJlthe2tkIFL33xPyzbFYP0XVdS8P5lUPis=
github.com/cosmos/cosmos-db v1.1.1 h1:FezFSU37AlBC8S98NlSagL76oqBRWq/prTPvFcEJNCM=
github.com/cosmos/cosmos-db v1.1.1/go.mod h1:AghjcIPqdhSLP/2Z0yha5xPH3nLnskz81pBx3tcVSAw=
github.com/cosmos/cosmos-proto v1.0.0-beta.5 h1:eNcayDLpip+zVLRLYafhzLvQlSmyab+RC5W7ZfmxJLA=
github.com/cosmos/cosmos-proto v1.0.0-beta.5/go.mod h1:hQGLpiIUloJBMdQMMWb/4wRApmI9hjHH05nefC0Ojec=
github.com/cosmos/cosmos-sdk v0.53.0-rc.1 h1:unAOo/WSUbbm8kD4q17vP+lvgL3OMJN0d7IkTah8a+o=
github.com/cosmos/cosmos-sdk v0.53.0-rc.1/go.mod h1:5atb8PhhFQ/JwwNOo/BEtczPFqdh3CcCwl/nDzQtjIE=
github.com/cosmos/gogoproto v1.7.0 h1:79USr0oyXAbxg3rspGh/m4SWNyoz/GLaAh0QlCe2fro=
github.com/cosmos/gogoproto v1.7.0/go.mod h1:yWChEv5IUEYURQasfyBW5ffkMHR/90hiHgbNgrtp4j0=
github.com/cosmos/ics23/go v0.11.0 h1:jk5skjT0TqX5e5QJbEnwXIS2yI2vnmLOgpQPeM5RtnU=
github.com/cosmos/ics23/go v0.11.0/go.mod h1:A8OjxPE67hHST4Icw94hOxxFEJMBG031xIGF/JHNIY0=
github.com/davecgh/go-spew v1.1.0/go.mod h1:J7Y8YcW2NihsgmVo/mv3lAwl/skON4iLHjSsI+c5H38=
github.com/davecgh/go-spew v1.1.1/go.mod h1:J7Y8YcW2NihsgmVo/mv3lAwl/skON4iLHjSsI+c5H38=
github.com/davecgh/go-spew v1.1.2-0.20180830191138-d8f796af33cc h1:U9qPSI2PIWSS1VwoXQT9A3Wy9MM3WgvqSxFWenqJduM=
github.com/davecgh/go-spew v1.1.2-0.20180830191138-d8f796af33cc/go.mod h1:J7Y8YcW2NihsgmVo/mv3lAwl/skON4iLHjSsI+c5H38=
github.com/decred/dcrd/crypto/blake256 v1.1.0 h1:zPMNGQCm0g4QTY27fOCorQW7EryeQ/U0x++OzVrdms8=
github.com/decred/dcrd/crypto/blake256 v1.1.0/go.mod h1:2OfgNZ5wDpcsFmHmCK5gZTPcCXqlm2ArzUIkw9czNJo=
github.com/decred/dcrd/dcrec/secp256k1/v4 v4.4.0 h1:NMZiJj8QnKe1LgsbDayM4UoHwbvwDRwnI3hwNaAHRnc=
github.com/decred/dcrd/dcrec/secp256k1/v4 v4.4.0/go.mod h1:ZXNYxsqcloTdSy/rNShjYzMhyjf0LaoftYK0p+A3h40=
github.com/dgraph-io/badger/v4 v4.2.0 h1:kJrlajbXXL9DFTNuhhu9yCx7JJa4qpYWxtE8BzuWsEs=
github.com/dgraph-io/badger/v4 v4.2.0/go.mod h1:qfCqhPoWDFJRx1gp5QwwyGo8xk1lbHUxvK9nK0OGAak=
github.com/dgraph-io/ristretto v0.1.1 h1:6CWw5tJNgpegArSHpNHJKldNeq03FQCwYvfMVWajOK8=
github.com/dgraph-io/ristretto v0.1.1/go.mod h1:S1GPSBCYCIhmVNfcth17y2zZtQT6wzkzgwUve0VDWWA=
github.com/dustin/go-humanize v1.0.1 h1:GzkhY7T5VNhEkwH0PVJgjz+fX1rhBrR7pRT3mDkpeCY=
github.com/dustin/go-humanize v1.0.1/go.mod h1:Mu1zIs6XwVuF/gI1OepvI0qD18qycQx+mFykh5fBlto=
github.com/getsentry/sentry-go v0.27.0 h1:Pv98CIbtB3LkMWmXi4Joa5OOcwbmnX88sF5qbK3r3Ps=
github.com/getsentry/sentry-go v0.27.0/go.mod h1:lc76E2QywIyW8WuBnwl8Lc4bkmQH4+w1gwTf25trprY=
github.com/go-kit/kit v0.13.0 h1:OoneCcHKHQ03LfBpoQCUfCluwd2Vt3ohz+kvbJneZAU=
github.com/go-kit/kit v0.13.0/go.mod h1:phqEHMMUbyrCFCTgH48JueqrM3md2HcAZ8N3XE4FKDg=
github.com/go-kit/log v0.2.1 h1:MRVx0/zhvdseW+Gza6N9rVzU/IVzaeE1SFI4raAhmBU=
github.com/go-kit/log v0.2.1/go.mod h1:NwTd00d/i8cPZ3xOwwiv2PO5MOcx78fFErGNcVmBjv0=
github.com/go-logfmt/logfmt v0.6.0 h1:wGYYu3uicYdqXVgoYbvnkrPVXkuLM1p1ifugDMEdRi4=
github.com/go-logfmt/logfmt v0.6.0/go.mod h1:WYhtIu8zTZfxdn5+rREduYbwxfcBr/Vr6KEVveWlfTs=
github.com/gogo/protobuf v1.3.2 h1:Ov1cvc58UF3b5XjBnZv7+opcTcQFZebYjWzi34vdm4Q=
github.com/gogo/protobuf v1.3.2/go.mod h1:P1XiOD3dCwIKUDQYPy72D8LYyHL2YPYrpS2s69NZV8Q=
github.com/golang/glog v1.2.4 h1:CNNw5U8lSiiBk7druxtSHHTsRWcxKoac6kZKm2peBBc=
github.com/golang/glog v1.2.4/go.mod h1:6AhwSGph0fcJtXVM/PEHPqZlFeoLxhs7/t5UDAwmO+w=
github.com/golang/groupcache v0.0.0-20210331224755-41bb18bfe9da h1:oI5xCqsCo564l8iNU+DwB5epxmsaqB+rhGL0m5jtYqE=
github.com/golang/groupcache v0.0.0-20210331224755-41bb18bfe9da/go.mod h1:cIg4eruTrX1D+g88fzRXU5OdNfaM+9IcxsU14FzY7Hc=
github.com/golang/protobuf v1.3.0/go.mod h1:Qd/q+1AKNOZr9uGQzbzCmRO6sUih6GTPZv6a1/R87v0=
github.com/golang/protobuf v1.5.4 h1:i7eJL8qZTpSEXOPTxNKhASYpMn+8e5Q6AdndVa1dWek=
github.com/golang/protobuf v1.5.4/go.mod h1:lnTiLA8Wa4RWRcIUkrtSVa5nRhsEGBg48fD6rSs7xps=
github.com/golang/snappy v0.0.4 h1:yAGX7huGHXlcLOEtBnF4w7FQwA26wojNCwOYAEhLjQM=
github.com/golang/snappy v0.0.4/go.mod h1:/XxbfmMg8lxefKM7IXC3fBNl/7bRcc72aCRzEWrmP2Q=
github.com/google/btree v1.1.3 h1:CVpQJjYgC4VbzxeGVHfvZrv1ctoYCAI8vbl07Fcxlyg=
github.com/google/btree v1.1.3/go.mod h1:qOPhT0dTNdNzV6Z/lhRX0YXUafgPLFUh+gZMl761Gm4=
github.com/google/flatbuffers v1.12.1 h1:MVlul7pQNoDzWRLTw5imwYsl+usrS1TXG2H4jg6ImGw=
github.com/google/flatbuffers v1.12.1/go.mod h1:1AeVuKshWv4vARoZatz6mlQ0JxURH0Kv5+zNeJKJCa8=
github.com/google/go-cmp v0.5.9/go.mod h1:17dUlkBOakJ0+DkrSSNjCkIjxS6bF9zb3elmeNGIjoY=
github.com/google/go-cmp v0.7.0 h1:wk8382ETsv4JYUZwIsn6YpYiWiBsYLSJiTsyBybVuN8=
github.com/google/go-cmp v0.7.0/go.mod h1:pXiqmnSA92OHEEa9HXL2W4E7lf9JzCmGVUdgjX3N/iU=
github.com/google/gofuzz v0.0.0-20170612174753-24818f796faf/go.mod h1:HP5RmnzzSNb993RKQDq4+1A4ia9nllfqcQFTQJedwGI=
github.com/google/gofuzz v1.2.0 h1:xRy4A+RhZaiKjJ1bPfwQ8sedCA+YS2YcCHW6ec7JMi0=
github.com/google/gofuzz v1.2.0/go.mod h1:dBl0BpW6vV/+mYPU4Po3pmUjxk6FQPldtuIdl/M65Eg=
github.com/grpc-ecosystem/grpc-gateway v1.16.0 h1:gmcG1KaJ57LophUzW0Hy8NmPhnMZb4M0+kPpLofRdBo=
github.com/grpc-ecosystem/grpc-gateway v1.16.0/go.mod h1:BDjrQk3hbvj6Nolgz8mAMFbcEtjT1g+wF4CSlocrBnw=
github.com/hashicorp/go-immutable-radix v1.3.1 h1:DKHmCUm2hRBK510BaiZlwvpD40f8bJFeZnpfm2KLowc=
github.com/hashicorp/go-immutable-radix v1.3.1/go.mod h1:0y9vanUI8NX6FsYoO3zeMjhV/C5i9g4Q3DwcSNZ4P60=
github.com/hashicorp/go-metrics v0.5.4 h1:8mmPiIJkTPPEbAiV97IxdAGNdRdaWwVap1BU6elejKY=
github.com/hashicorp/go-metrics v0.5.4/go.mod h1:CG5yz4NZ/AI/aQt9Ucm/vdBnbh7fvmv4lxZ350i+QQI=
github.com/hashicorp/golang-lru v1.0.2 h1:dV3g9Z/unq5DpblPpw+Oqcv4dU/1omnb4Ok8iPY6p1c=
github.com/hashicorp/golang-lru v1.0.2/go.mod h1:iADmTwqILo4mZ8BN3D2Q6+9jd8WM5uGBxy+E8yxSoD4=
github.com/iancoleman/strcase v0.3.0 h1:nTXanmYxhfFAMjZL34Ov6gkzEsSJZ5DbhxWjvSASxEI=
github.com/iancoleman/strcase v0.3.0/go.mod h1:iwCmte+B7n89clKwxIoIXy/HfoL7AsD47ZCWhYzw7ho=
github.com/inconshreveable/mousetrap v1.1.0 h1:wN+x4NVGpMsO7ErUn/mUI3vEoE6Jt13X2s0bqwp9tc8=
github.com/inconshreveable/mousetrap v1.1.0/go.mod h1:vpF70FUmC8bwa3OWnCshd2FqLfsEA9PFc4w1p2J65bw=
github.com/jmhodges/levigo v1.0.0 h1:q5EC36kV79HWeTBWsod3mG11EgStG3qArTKcvlksN1U=
github.com/jmhodges/levigo v1.0.0/go.mod h1:Q6Qx+uH3RAqyK4rFQroq9RL7mdkABMcfhEI+nNuzMJQ=
github.com/klauspost/compress v1.18.0 h1:c/Cqfb0r+Yi+JtIEq73FWXVkRonBlf0CRNYc8Zttxdo=
github.com/klauspost/compress v1.18.0/go.mod h1:2Pp+KzxcywXVXMr50+X0Q/Lsb43OQHYWRCY2AiWywWQ=
github.com/klauspost/cpuid/v2 v2.2.10 h1:tBs3QSyvjDyFTq3uoc/9xFpCuOsJQFNPiAhYdw2skhE=
github.com/klauspost/cpuid/v2 v2.2.10/go.mod h1:hqwkgyIinND0mEev00jJYCxPNVRVXFQeu1XKlok6oO0=
github.com/kr/pretty v0.3.1 h1:flRD4NNwYAUpkphVc1HcthR4KEIFJ65n8Mw5qdRn3LE=
github.com/kr/pretty v0.3.1/go.mod h1:hoEshYVHaxMs3cyo3Yncou5ZscifuDolrwPKZanG3xk=
github.com/kr/text v0.2.0 h1:5Nx0Ya0ZqY2ygV366QzturHI13Jq95ApcVaJBhpS+AY=
github.com/kr/text v0.2.0/go.mod h1:eLer722TekiGuMkidMxC/pM04lWEeraHUUmBw8l2grE=
github.com/linxGnu/grocksdb v1.8.14 h1:HTgyYalNwBSG/1qCQUIott44wU5b2Y9Kr3z7SK5OfGQ=
github.com/linxGnu/grocksdb v1.8.14/go.mod h1:QYiYypR2d4v63Wj1adOOfzglnoII0gLj3PNh4fZkcFA=
github.com/mattn/go-colorable v0.1.14 h1:9A9LHSqF/7dyVVX6g0U9cwm9pG3kP9gSzcuIPHPsaIE=
github.com/mattn/go-colorable v0.1.14/go.mod h1:6LmQG8QLFO4G5z1gPvYEzlUgJ2wF+stgPZH1UqBm1s8=
github.com/mattn/go-isatty v0.0.20 h1:xfD0iDuEKnDkl03q4limB+vH+GxLEtL/jb4xVJSWWEY=
github.com/mattn/go-isatty v0.0.20/go.mod h1:W+V8PltTTMOvKvAeJH7IuucS94S2C6jfK/D7dTCTo3Y=
github.com/munnerz/goautoneg v0.0.0-20191010083416-a7dc8b61c822 h1:C3w9PqII01/Oq1c1nUAm88MOHcQC9l5mIlSMApZMrHA=
github.com/munnerz/goautoneg v0.0.0-20191010083416-a7dc8b61c822/go.mod h1:+n7T8mK8HuQTcFwEeznm/DIxMOiR9yIdICNftLE1DvQ=
github.com/oasisprotocol/curve25519-voi v0.0.0-20230904125328-1f23a7beb09a h1:dlRvE5fWabOchtH7znfiFCcOvmIYgOeAS5ifBXBlh9Q=
github.com/oasisprotocol/curve25519-voi v0.0.0-20230904125328-1f23a7beb09a/go.mod h1:hVoHR2EVESiICEMbg137etN/Lx+lSrHPTD39Z/uE+2s=
github.com/petermattis/goid v0.0.0-20240813172612-4fcff4a6cae7 h1:Dx7Ovyv/SFnMFw3fD4oEoeorXc6saIiQ23LrGLth0Gw=
github.com/petermattis/goid v0.0.0-20240813172612-4fcff4a6cae7/go.mod h1:pxMtw7cyUw6B2bRH0ZBANSPg+AoSud1I1iyJHI69jH4=
github.com/pkg/errors v0.9.1 h1:FEBLx1zS214owpjy7qsBeixbURkuhQAwrK5UwLGTwt4=
github.com/pkg/errors v0.9.1/go.mod h1:bwawxfHBFNV+L2hUp1rHADufV3IMtnDRdf1r5NINEl0=
github.com/pmezard/go-difflib v1.0.0/go.mod h1:iKH77koFhYxTK1pcRnkKkqfTogsbg7gZNVY4sRDYZ/4=
github.com/pmezard/go-difflib v1.0.1-0.20181226105442-5d4384ee4fb2 h1:Jamvg5psRIccs7FGNTlIRMkT8wgtp5eCXdBlqhYGL6U=
github.com/pmezard/go-difflib v1.0.1-0.20181226105442-5d4384ee4fb2/go.mod h1:iKH77koFhYxTK1pcRnkKkqfTogsbg7gZNVY4sRDYZ/4=
github.com/prometheus/client_golang v1.21.1 h1:DOvXXTqVzvkIewV/CDPFdejpMCGeMcbGCQ8YOmu+Ibk=
github.com/prometheus/client_golang v1.21.1/go.mod h1:U9NM32ykUErtVBxdvD3zfi+EuFkkaBvMb09mIfe0Zgg=
github.com/prometheus/client_model v0.6.1 h1:ZKSh/rekM+n3CeS952MLRAdFwIKqeY8b62p8ais2e9E=
github.com/prometheus/client_model v0.6.1/go.mod h1:OrxVMOVHjw3lKMa8+x6HeMGkHMQyHDk9E3jmP2AmGiY=
github.com/prometheus/common v0.63.0 h1:YR/EIY1o3mEFP/kZCD7iDMnLPlGyuU2Gb3HIcXnA98k=
github.com/prometheus/common v0.63.0/go.mod h1:VVFF/fBIoToEnWRVkYoXEkq3R3paCoxG9PXP74SnV18=
github.com/prometheus/procfs v0.15.1 h1:YagwOFzUgYfKKHX6Dr+sHT7km/hxC76UB0learggepc=
github.com/prometheus/procfs v0.15.1/go.mod h1:fB45yRUv8NstnjriLhBQLuOUt+WW4BsoGhij/e3PBqk=
github.com/rogpeppe/go-internal v1.14.1 h1:UQB4HGPB6osV0SQTLymcB4TgvyWu6ZyliaW0tI/otEQ=
github.com/rogpeppe/go-internal v1.14.1/go.mod h1:MaRKkUm5W0goXpeCfT7UZI6fk/L7L7so1lCWt35ZSgc=
github.com/rs/zerolog v1.34.0 h1:k43nTLIwcTVQAncfCw4KZ2VY6ukYoZaBPNOE8txlOeY=
github.com/rs/zerolog v1.34.0/go.mod h1:bJsvje4Z08ROH4Nhs5iH600c3IkWhwp44iRc54W6wYQ=
github.com/sasha-s/go-deadlock v0.3.5 h1:tNCOEEDG6tBqrNDOX35j/7hL5FcFViG6awUGROb2NsU=
github.com/sasha-s/go-deadlock v0.3.5/go.mod h1:bugP6EGbdGYObIlx7pUZtWqlvo8k9H6vCBBsiChJQ5U=
github.com/spf13/cast v1.7.1 h1:cuNEagBQEHWN1FnbGEjCXL2szYEXqfJPbP2HNUaca9Y=
github.com/spf13/cast v1.7.1/go.mod h1:ancEpBxwJDODSW/UG4rDrAqiKolqNNh2DX3mk86cAdo=
github.com/spf13/cobra v1.9.1 h1:CXSaggrXdbHK9CF+8ywj8Amf7PBRmPCOJugH954Nnlo=
github.com/spf13/cobra v1.9.1/go.mod h1:nDyEzZ8ogv936Cinf6g1RU9MRY64Ir93oCnqb9wxYW0=
github.com/spf13/pflag v1.0.6 h1:jFzHGLGAlb3ruxLB8MhbI6A8+AQX/2eW4qeyNZXNp2o=
github.com/spf13/pflag v1.0.6/go.mod h1:McXfInJRrz4CZXVZOBLb0bTZqETkiAhM9Iw0y3An2Bg=
github.com/stretchr/objx v0.1.0/go.mod h1:HFkY916IF+rwdDfMAkV7OtwuqBVzrE8GR6GFx+wExME=
github.com/stretchr/testify v1.3.0/go.mod h1:M5WIy9Dh21IEIfnGCwXGc5bZfKNJtfHm1UVUgZn+9EI=
github.com/stretchr/testify v1.10.0 h1:Xv5erBjTwe/5IxqUQTdXv5kgmIvbHo3QQyRwhJsOfJA=
github.com/stretchr/testify v1.10.0/go.mod h1:r2ic/lqez/lEtzL7wO/rwa5dbSLXVDPFyf8C91i36aY=
github.com/syndtr/goleveldb v1.0.1-0.20220721030215-126854af5e6d h1:vfofYNRScrDdvS342BElfbETmL1Aiz3i2t0zfRj16Hs=
github.com/syndtr/goleveldb v1.0.1-0.20220721030215-126854af5e6d/go.mod h1:RRCYJbIwD5jmqPI9XoAFR0OcDxqUctll6zUj/+B4S48=
github.com/tendermint/go-amino v0.16.0 h1:GyhmgQKvqF82e2oZeuMSp9JTN0N09emoSZlb2lyGa2E=
github.com/tendermint/go-amino v0.16.0/go.mod h1:TQU0M1i/ImAo+tYpZi73AU3V/dKeCoMC9Sphe2ZwGME=
github.com/twitchyliquid64/golang-asm v0.15.1 h1:SU5vSMR7hnwNxj24w34ZyCi/FmDZTkS4MhqMhdFk5YI=
github.com/twitchyliquid64/golang-asm v0.15.1/go.mod h1:a1lVb/DtPvCB8fslRZhAngC2+aY1QWCk3Cedj/Gdt08=
go.etcd.io/bbolt v1.4.0-alpha.0.0.20240404170359-43604f3112c5 h1:qxen9oVGzDdIRP6ejyAJc760RwW4SnVDiTYTzwnXuxo=
go.etcd.io/bbolt v1.4.0-alpha.0.0.20240404170359-43604f3112c5/go.mod h1:eW0HG9/oHQhvRCvb1/pIXW4cOvtDqeQK+XSi3TnwaXY=
go.opencensus.io v0.24.0 h1:y73uSU6J157QMP2kn2r30vwW1A2W2WFwSCGnAVxeaD0=
go.opencensus.io v0.24.0/go.mod h1:vNK8G9p7aAivkbmorf4v+7Hgx+Zs0yY+0fOtgBfjQKo=
golang.org/x/arch v0.15.0 h1:QtOrQd0bTUnhNVNndMpLHNWrDmYzZ2KDqSrEymqInZw=
golang.org/x/arch v0.15.0/go.mod h1:JmwW7aLIoRUKgaTzhkiEFxvcEiQGyOg9BMonBJUS7EE=
golang.org/x/crypto v0.36.0 h1:AnAEvhDddvBdpY+uR+MyHmuZzzNqXSe/GvuDeob5L34=
golang.org/x/crypto v0.36.0/go.mod h1:Y4J0ReaxCR1IMaabaSMugxJES1EpwhBHhv2bDHklZvc=
golang.org/x/exp v0.0.0-20250305212735-054e65f0b394 h1:nDVHiLt8aIbd/VzvPWN6kSOPE7+F/fNFDSXLVYkE/Iw=
golang.org/x/exp v0.0.0-20250305212735-054e65f0b394/go.mod h1:sIifuuw/Yco/y6yb6+bDNfyeQ/MdPUy/hKEMYQV17cM=
golang.org/x/net v0.0.0-20180906233101-161cd47e91fd/go.mod h1:mL1N/T3taQHkDXs73rZJwtUhF3w3ftmwwsq0BUmARs4=
golang.org/x/net v0.38.0 h1:vRMAPTMaeGqVhG5QyLJHqNDwecKTomGeqbnfZyKlBI8=
golang.org/x/net v0.38.0/go.mod h1:ivrbrMbzFq5J41QOQh0siUuly180yBYtLp+CKbEaFx8=
golang.org/x/sync v0.0.0-20180314180146-1d60e4601c6f/go.mod h1:RxMgew5VJxzue5/jJTE5uejpjVlOe/izrB70Jof72aM=
golang.org/x/sync v0.0.0-20190227155943-e225da77a7e6/go.mod h1:RxMgew5VJxzue5/jJTE5uejpjVlOe/izrB70Jof72aM=
golang.org/x/sys v0.31.0 h1:ioabZlmFYtWhL+TRYpcnNlLwhyxaM9kWTDEmfnprqik=
golang.org/x/sys v0.31.0/go.mod h1:BJP2sWEmIv4KK5OTEluFJCKSidICx8ciO85XgH3Ak8k=
golang.org/x/text v0.23.0 h1:D71I7dUrlY+VX0gQShAThNGHFxZ13dGLBHQLVl1mJlY=
golang.org/x/text v0.23.0/go.mod h1:/BLNzu4aZCJ1+kcD0DNRotWKage4q2rGVAg4o22unh4=
google.golang.org/genproto v0.0.0-20180831171423-11092d34479b/go.mod h1:JiN7NxoALGmiZfu7CAH4rXhgtRTLTxftemlI0sWmxmc=
google.golang.org/genproto v0.0.0-20241118233622-e639e219e697 h1:ToEetK57OidYuqD4Q5w+vfEnPvPpuTwedCNVohYJfNk=
google.golang.org/genproto v0.0.0-20241118233622-e639e219e697/go.mod h1:JJrvXBWRZaFMxBufik1a4RpFw4HhgVtBBWQeQgUj2cc=
google.golang.org/genproto/googleapis/api v0.0.0-20250324211829-b45e905df463 h1:hE3bRWtU6uceqlh4fhrSnUyjKHMKB9KrTLLG+bc0ddM=
google.golang.org/genproto/googleapis/api v0.0.0-20250324211829-b45e905df463/go.mod h1:U90ffi8eUL9MwPcrJylN5+Mk2v3vuPDptd5yyNUiRR8=
google.golang.org/genproto/googleapis/rpc v0.0.0-20250324211829-b45e905df463 h1:e0AIkUUhxyBKh6ssZNrAMeqhA7RKUj42346d1y02i2g=
google.golang.org/genproto/googleapis/rpc v0.0.0-20250324211829-b45e905df463/go.mod h1:qQ0YXyHHx3XkvlzUtpXDkS29lDSafHMZBAZDc03LQ3A=
google.golang.org/grpc v1.67.1 h1:zWnc1Vrcno+lHZCOofnIMvycFcc0QRGIzm9dhnDX68E=
google.golang.org/grpc v1.67.1/go.mod h1:1gLDyUQU7CTLJI90u3nXZ9ekeghjeM7pTDZlqFNg2AA=
google.golang.org/protobuf v1.36.6 h1:z1NpPI8ku2WgiWnf+t9wTPsn6eP1L7ksHUlkfLvd9xY=
google.golang.org/protobuf v1.36.6/go.mod h1:jduwjTPXsFjZGTmRluh+L6NjiWu7pchiJ2/5YcXBHnY=
gopkg.in/check.v1 v0.0.0-20161208181325-20d25e280405/go.mod h1:Co6ibVJAznAaIkqp8huTwlJQCZ016jof/cbN4VW5Yz0=
gopkg.in/check.v1 v1.0.0-20201130134442-10cb98267c6c h1:Hei/4ADfdWqJk1ZMxUNpqntNwaWcugrBjAiHlqqRiVk=
gopkg.in/check.v1 v1.0.0-20201130134442-10cb98267c6c/go.mod h1:JHkPIbrfpd72SG/EVd6muEfDQjcINNoR0C8j2r3qZ4Q=
gopkg.in/yaml.v3 v3.0.1 h1:fxVm/GzAzEWqLHuvctI91KS9hhNmmWOoWu0XTYJS7CA=
gopkg.in/yaml.v3 v3.0.1/go.mod h1:K4uyk7z7BCEPqu6E+C64Yfv1cQ7kz7rIZviUmN+EgEM=
gotest.tools/v3 v3.5.2 h1:7koQfIKdy+I8UTetycgUqXWSDwpgv193Ka+qRsmBY8Q=
gotest.tools/v3 v3.5.2/go.mod h1:LtdLGcnqToBH83WByAAi/wiwSFCArdFIUV/xxN4pcjA=
pgregory.net/rapid v1.2.0 h1:keKAYRcjm+e1F0oAuU5F5+YPAWcyxNNRK2wud503Gnk=
pgregory.net/rapid v1.2.0/go.mod h1:PY5XlDGj0+V1FCq0o192FdRhpKHGTRIWBgqjDBTrq04=
sigs.k8s.io/yaml v1.4.0 h1:Mk1wCc2gy/F0THH0TAp1QYyJNzRm2KCLy3o5ASXVI5E=
sigs.k8s.io/yaml v1.4.0/go.mod h1:Ejl7/uTz7PSA4eKMyQCUTnhZYNmLIl+5c2lQPGR2BPY=
