github.com/cosmos/gogoproto v1.5.0 h1:SDVwzEqZDDBoslaeZg+dGE55hdzHfgUA40pEanMh52o=
github.com/cosmos/gogoproto v1.5.0/go.mod h1:iUM31aofn3ymidYG6bUR5ZFrk+Om8p5s754eMUcyp8I=
github.com/golang/protobuf v1.5.3 h1:KhyjKVUg7Usr/dYsdSqoFveMYd5ko72D+zANwlG1mmg=
github.com/google/go-cmp v0.6.0 h1:ofyhxvXcZhMsU5ulbFiLKl/XBFqE1GSq7atu8tAmTRI=
github.com/google/go-cmp v0.6.0/go.mod h1:17dUlkBOakJ0+DkrSSNjCkIjxS6bF9zb3elmeNGIjoY=
github.com/tidwall/btree v1.7.0 h1:L1fkJH/AuEh5zBnnBbmTwQ5Lt+bRJ5A8EWecslvo9iI=
github.com/tidwall/btree v1.7.0/go.mod h1:twD9XRA5jj9VUQGELzDO4HPQTNJsoWWfYEL+EUQ2cKY=
golang.org/x/exp v0.0.0-20231006140011-7918f672742d h1:jtJma62tbqLibJ5sFQz8bKtEM8rJBtfilJ2qTU199MI=
golang.org/x/exp v0.0.0-20231006140011-7918f672742d/go.mod h1:ldy0pHrwJyGW56pPQzzkH36rKxoZW1tw7ZJpeKx+hdo=
google.golang.org/protobuf v1.34.2 h1:6xV6lTsCfpGD21XK49h7MhtcApnLqkfYgPcdHftf6hg=
google.golang.org/protobuf v1.34.2/go.mod h1:qYOHts0dSfpeUzUFpOMr/WGzszTmLH+DiWniOlNbLDw=
