# Generated by buf. DO NOT EDIT.
version: v1
deps:
  - remote: buf.build
    owner: cosmos
    repository: cosmos-proto
    branch: main
    commit: 9e9a53f8db0d493f8b8c66d458c767c1
    digest: b1-6w7Hozd_Oo_yZ1Sku8Nhz9qou-4licLr6VmEyeI9jO4=
    create_time: 2021-12-02T20:41:47.795828Z
  - remote: buf.build
    owner: cosmos
    repository: gogo-proto
    branch: main
    commit: bee5511075b7499da6178d9e4aaa628b
    digest: b1-rrBIustouD-S80cVoZ_rM0qJsmei9AgbXy9GPQu6vxg=
    create_time: 2021-12-02T20:01:17.069307Z
