hash: 934ad5be72c9c240e8555eb6e1b2319840266c04c0fa9e024008cf841c0cee65
updated: 2018-02-23T19:33:08.596187+01:00
imports:
- name: github.com/alecthomas/gometalinter
  version: 46cc1ea3778b247666c2949669a3333c532fa9c6
- name: github.com/rigelrozanski/common
  version: f691f115798593d783b9999b1263c2f4ffecc439
- name: github.com/rigelrozanski/shelldown
  version: 2e18b6eb9bf428aa524e71433296e0b7c73ae0a3
  subpackages:
  - cmd/shelldown
- name: github.com/spf13/cobra
  version: 7b2c5ac9fc04fc5efafb60700713d4fa609b777b
- name: github.com/spf13/pflag
  version: e57e3eeb33f795204c1ca35f56c44f83227c6e66
- name: github.com/spf13/viper
  version: 25b30aa063fc18e48662b86996252eabdcf2f0c7
testImports: []
