hash: a163b1c4806024cfc9062db75a0abed285ec40461243e59af0e147db2c4bf0ce
updated: 2018-01-15T19:02:49.834182027-08:00
imports:
- name: github.com/inconshreveable/mousetrap
  version: 76626ae9c91c4f2a10f34cad8ce83ea42c93bb75
- name: github.com/rigelrozanski/common
  version: f691f115798593d783b9999b1263c2f4ffecc439
- name: github.com/rigelrozanski/shelldown
  version: 2e18b6eb9bf428aa524e71433296e0b7c73ae0a3
  subpackages:
  - cmd/shelldown
- name: github.com/spf13/cobra
  version: 7b2c5ac9fc04fc5efafb60700713d4fa609b777b
- name: github.com/spf13/pflag
  version: 97afa5e7ca8a08a383cb259e06636b5e2cc7897f
- name: gopkg.in/alecthomas/gometalinter.v2
  version: 88d47c66988c5a5cb3945925da47c883800a94df
testImports: []
