# This file is autogenerated, do not edit; changes may be undone by the next 'dep ensure'.


[[projects]]
  branch = "master"
  name = "github.com/rigelrozanski/common"
  packages = ["."]
  revision = "f691f115798593d783b9999b1263c2f4ffecc439"

[solve-meta]
  analyzer-name = "dep"
  analyzer-version = 1
  inputs-digest = "d94d5d70f00be97bb05e110d607c4d4de794e25111377b02078891bf494e38e1"
  solver-name = "gps-cdcl"
  solver-version = 1
